{
  "name": "dependencies-npm",
  "version": "4.0.0",
  "lockfileVersion": 3,
  "requires": true,
  "packages": {
    "": {
      "name": "dependencies-npm",
      "version": "4.0.0",
      "license": "ISC",
      "dependencies": {
        "debounce": "2.2.0",
        "moment": "2.30.1",
        "produkt_test_2": "file:8e3c0511-f8e2-44c2-a398-7393f697164coficialtesting-produkt_test_2.tar.gz",
        "qubris-sheets": "1.0.0",
        "shorten-hexdcolor": "0.2.1"
      }
    },
    "node_modules/adler-32": {
      "version": "1.3.1",
      "resolved": "https://registry.npmjs.org/adler-32/-/adler-32-1.3.1.tgz",
      "integrity": "sha512-ynZ4w/nUUv5rrsR8UUGoe1VC9hZj6V5hU9Qw1HlMDJGEJw5S7TfTErWTjMys6M7vr0YWcPqs3qAr4ss0nDfP+A==",
      "license": "Apache-2.0",
      "engines": {
        "node": ">=0.8"
      }
    },
    "node_modules/cfb": {
      "version": "1.2.2",
      "resolved": "https://registry.npmjs.org/cfb/-/cfb-1.2.2.tgz",
      "integrity": "sha512-KfdUZsSOw19/ObEWasvBP/Ac4reZvAGauZhs6S/gqNhXhI7cKwvlH7ulj+dOEYnca4bm4SGo8C1bTAQvnTjgQA==",
      "license": "Apache-2.0",
      "dependencies": {
        "adler-32": "~1.3.0",
        "crc-32": "~1.2.0"
      },
      "engines": {
        "node": ">=0.8"
      }
    },
    "node_modules/codepage": {
      "version": "1.15.0",
      "resolved": "https://registry.npmjs.org/codepage/-/codepage-1.15.0.tgz",
      "integrity": "sha512-3g6NUTPd/YtuuGrhMnOMRjFc+LJw/bnMp3+0r/Wcz3IXUuCosKRJvMphm5+Q+bvTVGcJJuRvVLuYba+WojaFaA==",
      "license": "Apache-2.0",
      "engines": {
        "node": ">=0.8"
      }
    },
    "node_modules/crc-32": {
      "version": "1.2.2",
      "resolved": "https://registry.npmjs.org/crc-32/-/crc-32-1.2.2.tgz",
      "integrity": "sha512-ROmzCKrTnOwybPcJApAA6WBWij23HVfGVNKqqrZpuyZOHqK2CwHSvpGuyt/UNNvaIjEd8X5IFGp4Mh+Ie1IHJQ==",
      "license": "Apache-2.0",
      "bin": {
        "crc32": "bin/crc32.njs"
      },
      "engines": {
        "node": ">=0.8"
      }
    },
    "node_modules/debounce": {
      "version": "2.2.0",
      "resolved": "file:72563993-f8e5-4a54-8fe9-3569d33eef97v2.2.0.tar.gz",
      "integrity": "sha512-KQmhphFAFxtsFMZvh7oUzEUf+Sx6XQPUeOchmt4ENOqNlfjIECMHLVnWvZJiV2RCSonwYR8/eo+vMWMqtVSnvw==",
      "license": "MIT",
      "engines": {
        "node": ">=18"
      },
      "funding": {
        "url": "https://github.com/sponsors/sindresorhus"
      }
    },
    "node_modules/frac": {
      "version": "1.1.2",
      "resolved": "https://registry.npmjs.org/frac/-/frac-1.1.2.tgz",
      "integrity": "sha512-w/XBfkibaTl3YDqASwfDUqkna4Z2p9cFSr1aHDt0WoMTECnRfBOv2WArlZILlqgWlmdIlALXGpM2AOhEk5W3IA==",
      "license": "Apache-2.0",
      "engines": {
        "node": ">=0.8"
      }
    },
    "node_modules/moment": {
      "version": "2.30.1",
      "resolved": "file:6be63808-e79f-4f48-a434-6713a2e588162.31.0.tar.gz",
      "integrity": "sha512-/v9nDWW1R6hs8mHgmoZSP44QD7JkXXDTvMV7CEATNLR1aw57p3YC+cvkeKsJsBlknvepaeEYh1UoIlwaUIM1xg==",
      "license": "MIT",
      "engines": {
        "node": "*"
      }
    },
    "node_modules/produkt_test_2": {
      "version": "1.0.2",
      "resolved": "file:8e3c0511-f8e2-44c2-a398-7393f697164coficialtesting-produkt_test_2.tar.gz",
      "integrity": "sha512-Pr8Q01nZiVAgadnjja3b2iJVi8vv/SlVTHP8x8OuKMhj0tlYs1c7OYZnDbOP5lljYbk6OS0vcs8RxZqtOc0Uag=="
    },
    "node_modules/qubris-sheets": {
      "version": "1.0.0",
      "resolved": "file:d04a9732-c4e0-4559-a6b6-503eb72e984cQbrisSheets.tar.gz",
      "integrity": "sha512-gmtUWyFEE8YBwkJ9vMwcWsGnk5Hden0PcBCY44cBrtejPJWE7BDQeq99EMViMkRSz6ngt3PTkZZDBk/2ImUuag==",
      "license": "CC BY-ND 4.0",
      "dependencies": {
        "xlsx": "^0.18.5"
      }
    },
    "node_modules/shorten-hexdcolor": {
      "version": "0.2.1",
      "resolved": "file:62339684-4a29-46a6-954e-2729580f37dbshorten-hexdcolor-1.0.0.tar.gz",
      "integrity": "sha512-PsmyXabLJ3IpxRAmoA8AslamH6UuNOVcNnt2PHPw3FpQF+3AUC3GXDgt4Tkb3f3FP5qrTvB61oM5iscx1hSR1A==",
      "license": "MIT"
    },
    "node_modules/ssf": {
      "version": "0.11.2",
      "resolved": "https://registry.npmjs.org/ssf/-/ssf-0.11.2.tgz",
      "integrity": "sha512-+idbmIXoYET47hH+d7dfm2epdOMUDjqcB4648sTZ+t2JwoyBFL/insLfB/racrDmsKB3diwsDA696pZMieAC5g==",
      "license": "Apache-2.0",
      "dependencies": {
        "frac": "~1.1.2"
      },
      "engines": {
        "node": ">=0.8"
      }
    },
    "node_modules/wmf": {
      "version": "1.0.2",
      "resolved": "https://registry.npmjs.org/wmf/-/wmf-1.0.2.tgz",
      "integrity": "sha512-/p9K7bEh0Dj6WbXg4JG0xvLQmIadrner1bi45VMJTfnbVHsc7yIajZyoSoK60/dtVBs12Fm6WkUI5/3WAVsNMw==",
      "license": "Apache-2.0",
      "engines": {
        "node": ">=0.8"
      }
    },
    "node_modules/word": {
      "version": "0.3.0",
      "resolved": "https://registry.npmjs.org/word/-/word-0.3.0.tgz",
      "integrity": "sha512-OELeY0Q61OXpdUfTp+oweA/vtLVg5VDOXh+3he3PNzLGG/y0oylSOC1xRVj0+l4vQ3tj/bB1HVHv1ocXkQceFA==",
      "license": "Apache-2.0",
      "engines": {
        "node": ">=0.8"
      }
    },
    "node_modules/xlsx": {
      "version": "0.18.5",
      "resolved": "https://registry.npmjs.org/xlsx/-/xlsx-0.18.5.tgz",
      "integrity": "sha512-dmg3LCjBPHZnQp5/F/+nnTa+miPJxUXB6vtk42YjBBKayDNagxGEeIdWApkYPOf3Z3pm3k62Knjzp7lMeTEtFQ==",
      "license": "Apache-2.0",
      "dependencies": {
        "adler-32": "~1.3.0",
        "cfb": "~1.2.1",
        "codepage": "~1.15.0",
        "crc-32": "~1.2.1",
        "ssf": "~0.11.2",
        "wmf": "~1.0.1",
        "word": "~0.3.0"
      },
      "bin": {
        "xlsx": "bin/xlsx.njs"
      },
      "engines": {
        "node": ">=0.8"
      }
    }
  }
}
